
Microsoft Visual Studio Solution File, Format Version 12.00
# Visual Studio 15
VisualStudioVersion = 15.0.28010.2016
MinimumVisualStudioVersion = 10.0.40219.1
Project("{FAE04EC0-301F-11D3-BF4B-00C04F79EFBC}") = "ChessBoard", "ChessBoard\ChessBoard.csproj", "{7289F285-B1AA-4EFF-86C5-6A2D5A729B47}"
EndProject
Project("{FAE04EC0-301F-11D3-BF4B-00C04F79EFBC}") = "ChessBoardFormsDisplay", "ChessBoardFormsDisplay\ChessBoardFormsDisplay.csproj", "{57E75536-3190-4150-ADF7-E2DC15298406}"
EndProject
Project("{FAE04EC0-301F-11D3-BF4B-00C04F79EFBC}") = "ChessBoardWPFDisplay", "ChessBoardWPFDisplay\ChessBoardWPFDisplay.csproj", "{27FA1DA3-9C9A-45B7-A212-86E0A9594A6E}"
EndProject
Global
	GlobalSection(SolutionConfigurationPlatforms) = preSolution
		Debug|Any CPU = Debug|Any CPU
		Release|Any CPU = Release|Any CPU
	EndGlobalSection
	GlobalSection(ProjectConfigurationPlatforms) = postSolution
		{7289F285-B1AA-4EFF-86C5-6A2D5A729B47}.Debug|Any CPU.ActiveCfg = Debug|Any CPU
		{7289F285-B1AA-4EFF-86C5-6A2D5A729B47}.Debug|Any CPU.Build.0 = Debug|Any CPU
		{7289F285-B1AA-4EFF-86C5-6A2D5A729B47}.Release|Any CPU.ActiveCfg = Release|Any CPU
		{7289F285-B1AA-4EFF-86C5-6A2D5A729B47}.Release|Any CPU.Build.0 = Release|Any CPU
		{57E75536-3190-4150-ADF7-E2DC15298406}.Debug|Any CPU.ActiveCfg = Debug|Any CPU
		{57E75536-3190-4150-ADF7-E2DC15298406}.Debug|Any CPU.Build.0 = Debug|Any CPU
		{57E75536-3190-4150-ADF7-E2DC15298406}.Release|Any CPU.ActiveCfg = Release|Any CPU
		{57E75536-3190-4150-ADF7-E2DC15298406}.Release|Any CPU.Build.0 = Release|Any CPU
		{27FA1DA3-9C9A-45B7-A212-86E0A9594A6E}.Debug|Any CPU.ActiveCfg = Debug|Any CPU
		{27FA1DA3-9C9A-45B7-A212-86E0A9594A6E}.Debug|Any CPU.Build.0 = Debug|Any CPU
		{27FA1DA3-9C9A-45B7-A212-86E0A9594A6E}.Release|Any CPU.ActiveCfg = Release|Any CPU
		{27FA1DA3-9C9A-45B7-A212-86E0A9594A6E}.Release|Any CPU.Build.0 = Release|Any CPU
	EndGlobalSection
	GlobalSection(SolutionProperties) = preSolution
		HideSolutionNode = FALSE
	EndGlobalSection
	GlobalSection(ExtensibilityGlobals) = postSolution
		SolutionGuid = {DE35DAED-6D49-4BF3-BF95-7ED7ED94BFD5}
	EndGlobalSection
EndGlobal
